{
 "name": "assets",
 "lockfileVersion": 3,
 "requires": true,
 "packages": {
  "": {
   "hasInstallScript": true,
   "dependencies": {
    "pdfjs-dist": "^5.4.394",
    "phoenix": "../deps/phoenix",
    "phoenix_html": "../deps/phoenix_html",
    "phoenix_live_view": "../deps/phoenix_live_view",
    "prismjs": "^1.30.0"
   },
   "devDependencies": {
    "@tailwindcss/typography": "^0.5.19",
    "daisyui": "^5.0.50"
   }
  },
  "../deps/phoenix": {
   "version": "1.8.3",
   "license": "MIT",
   "devDependencies": {
    "@babel/cli": "7.28.3",
    "@babel/core": "7.28.5",
    "@babel/preset-env": "7.28.5",
    "@eslint/js": "^9.28.0",
    "@stylistic/eslint-plugin": "^5.0.0",
    "documentation": "^14.0.3",
    "eslint": "9.39.1",
    "eslint-plugin-jest": "29.2.1",
    "jest": "^30.0.0",
    "jest-environment-jsdom": "^30.0.0",
    "jsdom": "^27.0.0",
    "mock-socket": "^9.3.1"
   }
  },
  "../deps/phoenix_html": {
   "version": "4.3.0"
  },
  "../deps/phoenix_live_view": {
   "version": "1.1.18",
   "license": "MIT",
   "dependencies": {
    "morphdom": "2.7.7"
   },
   "devDependencies": {
    "@babel/cli": "7.27.2",
    "@babel/core": "7.27.4",
    "@babel/preset-env": "7.27.2",
    "@babel/preset-typescript": "^7.27.1",
    "@eslint/js": "^9.29.0",
    "@playwright/test": "^1.56.1",
    "@types/jest": "^30.0.0",
    "@types/phoenix": "^1.6.6",
    "css.escape": "^1.5.1",
    "eslint": "9.29.0",
    "eslint-plugin-jest": "28.14.0",
    "eslint-plugin-playwright": "^2.2.0",
    "globals": "^16.2.0",
    "jest": "^30.0.0",
    "jest-environment-jsdom": "^30.0.0",
    "jest-monocart-coverage": "^1.1.1",
    "monocart-reporter": "^2.9.21",
    "phoenix": "1.7.21",
    "prettier": "3.5.3",
    "ts-jest": "^29.4.0",
    "typescript": "^5.8.3",
    "typescript-eslint": "^8.34.0"
   }
  },
  "node_modules/@napi-rs/canvas": {
   "version": "0.1.82",
   "resolved": "https://registry.npmjs.org/@napi-rs/canvas/-/canvas-0.1.82.tgz",
   "integrity": "sha512-FGjyUBoF0sl1EenSiE4UV2WYu76q6F9GSYedq5EiOCOyGYoQ/Owulcv6rd7v/tWOpljDDtefXXIaOCJrVKem4w==",
   "license": "MIT",
   "optional": true,
   "workspaces": [
    "e2e/*"
   ],
   "engines": {
    "node": ">= 10"
   },
   "optionalDependencies": {
    "@napi-rs/canvas-android-arm64": "0.1.82",
    "@napi-rs/canvas-darwin-arm64": "0.1.82",
    "@napi-rs/canvas-darwin-x64": "0.1.82",
    "@napi-rs/canvas-linux-arm-gnueabihf": "0.1.82",
    "@napi-rs/canvas-linux-arm64-gnu": "0.1.82",
    "@napi-rs/canvas-linux-arm64-musl": "0.1.82",
    "@napi-rs/canvas-linux-riscv64-gnu": "0.1.82",
    "@napi-rs/canvas-linux-x64-gnu": "0.1.82",
    "@napi-rs/canvas-linux-x64-musl": "0.1.82",
    "@napi-rs/canvas-win32-x64-msvc": "0.1.82"
   }
  },
  "node_modules/@napi-rs/canvas-android-arm64": {
   "version": "0.1.82",
   "resolved": "https://registry.npmjs.org/@napi-rs/canvas-android-arm64/-/canvas-android-arm64-0.1.82.tgz",
   "integrity": "sha512-bvZhN0iI54ouaQOrgJV96H2q7J3ZoufnHf4E1fUaERwW29Rz4rgicohnAg4venwBJZYjGl5Yl3CGmlAl1LZowQ==",
   "cpu": [
    "arm64"
   ],
   "license": "MIT",
   "optional": true,
   "os": [
    "android"
   ],
   "engines": {
    "node": ">= 10"
   }
  },
  "node_modules/@napi-rs/canvas-darwin-arm64": {
   "version": "0.1.82",
   "resolved": "https://registry.npmjs.org/@napi-rs/canvas-darwin-arm64/-/canvas-darwin-arm64-0.1.82.tgz",
   "integrity": "sha512-InuBHKCyuFqhNwNr4gpqazo5Xp6ltKflqOLiROn4hqAS8u21xAHyYCJRgHwd+a5NKmutFTaRWeUIT/vxWbU/iw==",
   "cpu": [
    "arm64"
   ],
   "license": "MIT",
   "optional": true,
   "os": [
    "darwin"
   ],
   "engines": {
    "node": ">= 10"
   }
  },
  "node_modules/@napi-rs/canvas-darwin-x64": {
   "version": "0.1.82",
   "resolved": "https://registry.npmjs.org/@napi-rs/canvas-darwin-x64/-/canvas-darwin-x64-0.1.82.tgz",
   "integrity": "sha512-aQGV5Ynn96onSXcuvYb2y7TRXD/t4CL2EGmnGqvLyeJX1JLSNisKQlWN/1bPDDXymZYSdUqbXehj5qzBlOx+RQ==",
   "cpu": [
    "x64"
   ],
   "license": "MIT",
   "optional": true,
   "os": [
    "darwin"
   ],
   "engines": {
    "node": ">= 10"
   }
  },
  "node_modules/@napi-rs/canvas-linux-arm-gnueabihf": {
   "version": "0.1.82",
   "resolved": "https://registry.npmjs.org/@napi-rs/canvas-linux-arm-gnueabihf/-/canvas-linux-arm-gnueabihf-0.1.82.tgz",
   "integrity": "sha512-YIUpmHWeHGGRhWitT1KJkgj/JPXPfc9ox8oUoyaGPxolLGPp5AxJkq8wIg8CdFGtutget968dtwmx71m8o3h5g==",
   "cpu": [
    "arm"
   ],
   "license": "MIT",
   "optional": true,
   "os": [
    "linux"
   ],
   "engines": {
    "node": ">= 10"
   }
  },
  "node_modules/@napi-rs/canvas-linux-arm64-gnu": {
   "version": "0.1.82",
   "resolved": "https://registry.npmjs.org/@napi-rs/canvas-linux-arm64-gnu/-/canvas-linux-arm64-gnu-0.1.82.tgz",
   "integrity": "sha512-AwLzwLBgmvk7kWeUgItOUor/QyG31xqtD26w1tLpf4yE0hiXTGp23yc669aawjB6FzgIkjh1NKaNS52B7/qEBQ==",
   "cpu": [
    "arm64"
   ],
   "license": "MIT",
   "optional": true,
   "os": [
    "linux"
   ],
   "engines": {
    "node": ">= 10"
   }
  },
  "node_modules/@napi-rs/canvas-linux-arm64-musl": {
   "version": "0.1.82",
   "resolved": "https://registry.npmjs.org/@napi-rs/canvas-linux-arm64-musl/-/canvas-linux-arm64-musl-0.1.82.tgz",
   "integrity": "sha512-moZWuqepAwWBffdF4JDadt8TgBD02iMhG6I1FHZf8xO20AsIp9rB+p0B8Zma2h2vAF/YMjeFCDmW5un6+zZz9g==",
   "cpu": [
    "arm64"
   ],
   "license": "MIT",
   "optional": true,
   "os": [
    "linux"
   ],
   "engines": {
    "node": ">= 10"
   }
  },
  "node_modules/@napi-rs/canvas-linux-riscv64-gnu": {
   "version": "0.1.82",
   "resolved": "https://registry.npmjs.org/@napi-rs/canvas-linux-riscv64-gnu/-/canvas-linux-riscv64-gnu-0.1.82.tgz",
   "integrity": "sha512-w9++2df2kG9eC9LWYIHIlMLuhIrKGQYfUxs97CwgxYjITeFakIRazI9LYWgVzEc98QZ9x9GQvlicFsrROV59MQ==",
   "cpu": [
    "riscv64"
   ],
   "license": "MIT",
   "optional": true,
   "os": [
    "linux"
   ],
   "engines": {
    "node": ">= 10"
   }
  },
  "node_modules/@napi-rs/canvas-linux-x64-gnu": {
   "version": "0.1.82",
   "resolved": "https://registry.npmjs.org/@napi-rs/canvas-linux-x64-gnu/-/canvas-linux-x64-gnu-0.1.82.tgz",
   "integrity": "sha512-lZulOPwrRi6hEg/17CaqdwWEUfOlIJuhXxincx1aVzsVOCmyHf+xFq4i6liJl1P+x2v6Iz2Z/H5zHvXJCC7Bwg==",
   "cpu": [
    "x64"
   ],
   "license": "MIT",
   "optional": true,
   "os": [
    "linux"
   ],
   "engines": {
    "node": ">= 10"
   }
  },
  "node_modules/@napi-rs/canvas-linux-x64-musl": {
   "version": "0.1.82",
   "resolved": "https://registry.npmjs.org/@napi-rs/canvas-linux-x64-musl/-/canvas-linux-x64-musl-0.1.82.tgz",
   "integrity": "sha512-Be9Wf5RTv1w6GXlTph55K3PH3vsAh1Ax4T1FQY1UYM0QfD0yrwGdnJ8/fhqw7dEgMjd59zIbjJQC8C3msbGn5g==",
   "cpu": [
    "x64"
   ],
   "license": "MIT",
   "optional": true,
   "os": [
    "linux"
   ],
   "engines": {
    "node": ">= 10"
   }
  },
  "node_modules/@napi-rs/canvas-win32-x64-msvc": {
   "version": "0.1.82",
   "resolved": "https://registry.npmjs.org/@napi-rs/canvas-win32-x64-msvc/-/canvas-win32-x64-msvc-0.1.82.tgz",
   "integrity": "sha512-LN/i8VrvxTDmEEK1c10z2cdOTkWT76LlTGtyZe5Kr1sqoSomKeExAjbilnu1+oee5lZUgS5yfZ2LNlVhCeARuw==",
   "cpu": [
    "x64"
   ],
   "license": "MIT",
   "optional": true,
   "os": [
    "win32"
   ],
   "engines": {
    "node": ">= 10"
   }
  },
  "node_modules/@tailwindcss/typography": {
   "version": "0.5.19",
   "resolved": "https://registry.npmjs.org/@tailwindcss/typography/-/typography-0.5.19.tgz",
   "integrity": "sha512-w31dd8HOx3k9vPtcQh5QHP9GwKcgbMp87j58qi6xgiBnFFtKEAgCWnDw4qUT8aHwkCp8bKvb/KGKWWHedP0AAg==",
   "dev": true,
   "license": "MIT",
   "dependencies": {
    "postcss-selector-parser": "6.0.10"
   },
   "peerDependencies": {
    "tailwindcss": ">=3.0.0 || insiders || >=4.0.0-alpha.20 || >=4.0.0-beta.1"
   }
  },
  "node_modules/cssesc": {
   "version": "3.0.0",
   "resolved": "https://registry.npmjs.org/cssesc/-/cssesc-3.0.0.tgz",
   "integrity": "sha512-/Tb/JcjK111nNScGob5MNtsntNM1aCNUDipB/TkwZFhyDrrE47SOx/18wF2bbjgc3ZzCSKW1T5nt5EbFoAz/Vg==",
   "dev": true,
   "license": "MIT",
   "bin": {
    "cssesc": "bin/cssesc"
   },
   "engines": {
    "node": ">=4"
   }
  },
  "node_modules/daisyui": {
   "version": "5.4.7",
   "resolved": "https://registry.npmjs.org/daisyui/-/daisyui-5.4.7.tgz",
   "integrity": "sha512-2wYO61vTPCXk7xEBgnzLZAYoE0xS5IRLu/GSq0vORpB+cTrtubdx69NnA0loc0exvCY1s2fYL4lGZtFHe2ohNQ==",
   "dev": true,
   "license": "MIT",
   "funding": {
    "url": "https://github.com/saadeghi/daisyui?sponsor=1"
   }
  },
  "node_modules/pdfjs-dist": {
   "version": "5.4.394",
   "resolved": "https://registry.npmjs.org/pdfjs-dist/-/pdfjs-dist-5.4.394.tgz",
   "integrity": "sha512-9ariAYGqUJzx+V/1W4jHyiyCep6IZALmDzoaTLZ6VNu8q9LWi1/ukhzHgE2Xsx96AZi0mbZuK4/ttIbqSbLypg==",
   "license": "Apache-2.0",
   "engines": {
    "node": ">=20.16.0 || >=22.3.0"
   },
   "optionalDependencies": {
    "@napi-rs/canvas": "^0.1.81"
   }
  },
  "node_modules/phoenix": {
   "resolved": "../deps/phoenix",
   "link": true
  },
  "node_modules/phoenix_html": {
   "resolved": "../deps/phoenix_html",
   "link": true
  },
  "node_modules/phoenix_live_view": {
   "resolved": "../deps/phoenix_live_view",
   "link": true
  },
  "node_modules/postcss-selector-parser": {
   "version": "6.0.10",
   "resolved": "https://registry.npmjs.org/postcss-selector-parser/-/postcss-selector-parser-6.0.10.tgz",
   "integrity": "sha512-IQ7TZdoaqbT+LCpShg46jnZVlhWD2w6iQYAcYXfHARZ7X1t/UGhhceQDs5X0cGqKvYlHNOuv7Oa1xmb0oQuA3w==",
   "dev": true,
   "license": "MIT",
   "dependencies": {
    "cssesc": "^3.0.0",
    "util-deprecate": "^1.0.2"
   },
   "engines": {
    "node": ">=4"
   }
  },
  "node_modules/prismjs": {
   "version": "1.30.0",
   "resolved": "https://registry.npmjs.org/prismjs/-/prismjs-1.30.0.tgz",
   "integrity": "sha512-DEvV2ZF2r2/63V+tK8hQvrR2ZGn10srHbXviTlcv7Kpzw8jWiNTqbVgjO3IY8RxrrOUF8VPMQQFysYYYv0YZxw==",
   "license": "MIT",
   "engines": {
    "node": ">=6"
   }
  },
  "node_modules/tailwindcss": {
   "version": "4.0.15",
   "resolved": "https://registry.npmjs.org/tailwindcss/-/tailwindcss-4.0.15.tgz",
   "integrity": "sha512-6ZMg+hHdMJpjpeCCFasX7K+U615U9D+7k5/cDK/iRwl6GptF24+I/AbKgOnXhVKePzrEyIXutLv36n4cRsq3Sg==",
   "dev": true,
   "license": "MIT",
   "peer": true
  },
  "node_modules/util-deprecate": {
   "version": "1.0.2",
   "resolved": "https://registry.npmjs.org/util-deprecate/-/util-deprecate-1.0.2.tgz",
   "integrity": "sha512-EPD5q1uXyFxJpCrLnCc1nHnq3gOa6DZBocAIiI2TaSCA7VCJ1UJDMagCzIkXNsUYfD1daK//LTEQ8xiIbrHtcw==",
   "dev": true,
   "license": "MIT"
  }
 }
}
