{
 "name": "assets",
 "lockfileVersion": 3,
 "requires": true,
 "packages": {
  "": {
   "hasInstallScript": true,
   "dependencies": {
    "prismjs": "^1.30.0"
   },
   "devDependencies": {
    "@tailwindcss/typography": "^0.5.19",
    "daisyui": "^5.5.19",
    "pdfjs-dist": "^5.4.624"
   }
  },
  "../deps/phoenix": {
   "version": "1.8.3",
   "extraneous": true,
   "license": "MIT",
   "devDependencies": {
    "@babel/cli": "7.28.3",
    "@babel/core": "7.28.5",
    "@babel/preset-env": "7.28.5",
    "@eslint/js": "^9.28.0",
    "@stylistic/eslint-plugin": "^5.0.0",
    "documentation": "^14.0.3",
    "eslint": "9.39.1",
    "eslint-plugin-jest": "29.2.1",
    "jest": "^30.0.0",
    "jest-environment-jsdom": "^30.0.0",
    "jsdom": "^27.0.0",
    "mock-socket": "^9.3.1"
   }
  },
  "../deps/phoenix_html": {
   "version": "4.3.0",
   "extraneous": true
  },
  "../deps/phoenix_live_view": {
   "version": "1.1.22",
   "extraneous": true,
   "license": "MIT",
   "dependencies": {
    "morphdom": "2.7.8"
   },
   "devDependencies": {
    "@babel/cli": "7.27.2",
    "@babel/core": "7.27.4",
    "@babel/preset-env": "7.27.2",
    "@babel/preset-typescript": "^7.27.1",
    "@eslint/js": "^9.29.0",
    "@playwright/test": "^1.56.1",
    "@types/jest": "^30.0.0",
    "@types/phoenix": "^1.6.6",
    "css.escape": "^1.5.1",
    "eslint": "9.29.0",
    "eslint-plugin-jest": "28.14.0",
    "eslint-plugin-playwright": "^2.2.0",
    "globals": "^16.2.0",
    "jest": "^30.0.0",
    "jest-environment-jsdom": "^30.0.0",
    "jest-monocart-coverage": "^1.1.1",
    "monocart-reporter": "^2.9.21",
    "phoenix": "1.7.21",
    "prettier": "3.5.3",
    "ts-jest": "^29.4.0",
    "typescript": "^5.8.3",
    "typescript-eslint": "^8.34.0"
   }
  },
  "node_modules/@napi-rs/canvas": {
   "version": "0.1.94",
   "resolved": "https://registry.npmjs.org/@napi-rs/canvas/-/canvas-0.1.94.tgz",
   "integrity": "sha512-8jBkvqynXNdQPNZjLJxB/Rp9PdnnMSHFBLzPmMc615nlt/O6w0ergBbkEDEOr8EbjL8nRQDpEklPx4pzD7zrbg==",
   "dev": true,
   "license": "MIT",
   "optional": true,
   "workspaces": [
    "e2e/*"
   ],
   "engines": {
    "node": ">= 10"
   },
   "funding": {
    "type": "github",
    "url": "https://github.com/sponsors/Brooooooklyn"
   },
   "optionalDependencies": {
    "@napi-rs/canvas-android-arm64": "0.1.94",
    "@napi-rs/canvas-darwin-arm64": "0.1.94",
    "@napi-rs/canvas-darwin-x64": "0.1.94",
    "@napi-rs/canvas-linux-arm-gnueabihf": "0.1.94",
    "@napi-rs/canvas-linux-arm64-gnu": "0.1.94",
    "@napi-rs/canvas-linux-arm64-musl": "0.1.94",
    "@napi-rs/canvas-linux-riscv64-gnu": "0.1.94",
    "@napi-rs/canvas-linux-x64-gnu": "0.1.94",
    "@napi-rs/canvas-linux-x64-musl": "0.1.94",
    "@napi-rs/canvas-win32-arm64-msvc": "0.1.94",
    "@napi-rs/canvas-win32-x64-msvc": "0.1.94"
   }
  },
  "node_modules/@napi-rs/canvas-android-arm64": {
   "version": "0.1.94",
   "resolved": "https://registry.npmjs.org/@napi-rs/canvas-android-arm64/-/canvas-android-arm64-0.1.94.tgz",
   "integrity": "sha512-YQ6K83RWNMQOtgpk1aIML97QTE3zxPmVCHTi5eA8Nss4+B9JZi5J7LHQr7B5oD7VwSfWd++xsPdUiJ1+frqsMg==",
   "cpu": [
    "arm64"
   ],
   "dev": true,
   "license": "MIT",
   "optional": true,
   "os": [
    "android"
   ],
   "engines": {
    "node": ">= 10"
   },
   "funding": {
    "type": "github",
    "url": "https://github.com/sponsors/Brooooooklyn"
   }
  },
  "node_modules/@napi-rs/canvas-darwin-arm64": {
   "version": "0.1.94",
   "resolved": "https://registry.npmjs.org/@napi-rs/canvas-darwin-arm64/-/canvas-darwin-arm64-0.1.94.tgz",
   "integrity": "sha512-h1yl9XjqSrYZAbBUHCVLAhwd2knM8D8xt081Pv40KqNJXfeMmBrhG1SfroRymG2ak+pl42iQlWjFZ2Z8AWFdSw==",
   "cpu": [
    "arm64"
   ],
   "dev": true,
   "license": "MIT",
   "optional": true,
   "os": [
    "darwin"
   ],
   "engines": {
    "node": ">= 10"
   },
   "funding": {
    "type": "github",
    "url": "https://github.com/sponsors/Brooooooklyn"
   }
  },
  "node_modules/@napi-rs/canvas-darwin-x64": {
   "version": "0.1.94",
   "resolved": "https://registry.npmjs.org/@napi-rs/canvas-darwin-x64/-/canvas-darwin-x64-0.1.94.tgz",
   "integrity": "sha512-rkr/lrafbU0IIHebst+sQJf1HjdHvTMN0GGqWvw5OfaVS0K/sVxhNHtxi8oCfaRSvRE62aJZjWTcdc2ue/o6yw==",
   "cpu": [
    "x64"
   ],
   "dev": true,
   "license": "MIT",
   "optional": true,
   "os": [
    "darwin"
   ],
   "engines": {
    "node": ">= 10"
   },
   "funding": {
    "type": "github",
    "url": "https://github.com/sponsors/Brooooooklyn"
   }
  },
  "node_modules/@napi-rs/canvas-linux-arm-gnueabihf": {
   "version": "0.1.94",
   "resolved": "https://registry.npmjs.org/@napi-rs/canvas-linux-arm-gnueabihf/-/canvas-linux-arm-gnueabihf-0.1.94.tgz",
   "integrity": "sha512-q95TDo32YkTKdi+Sp2yQ2Npm7pmfKEruNoJ3RUIw1KvQQ9EHKL3fii/iuU60tnzP0W+c8BKN7BFstNFcm2KXCQ==",
   "cpu": [
    "arm"
   ],
   "dev": true,
   "license": "MIT",
   "optional": true,
   "os": [
    "linux"
   ],
   "engines": {
    "node": ">= 10"
   },
   "funding": {
    "type": "github",
    "url": "https://github.com/sponsors/Brooooooklyn"
   }
  },
  "node_modules/@napi-rs/canvas-linux-arm64-gnu": {
   "version": "0.1.94",
   "resolved": "https://registry.npmjs.org/@napi-rs/canvas-linux-arm64-gnu/-/canvas-linux-arm64-gnu-0.1.94.tgz",
   "integrity": "sha512-Je5/gKVybWAoIGyDOcJF1zYgBTKWkPIkfOgvCzrQcl8h7DiDvRvEY70EapA+NicGe4X3DW9VsCT34KZJnerShA==",
   "cpu": [
    "arm64"
   ],
   "dev": true,
   "license": "MIT",
   "optional": true,
   "os": [
    "linux"
   ],
   "engines": {
    "node": ">= 10"
   },
   "funding": {
    "type": "github",
    "url": "https://github.com/sponsors/Brooooooklyn"
   }
  },
  "node_modules/@napi-rs/canvas-linux-arm64-musl": {
   "version": "0.1.94",
   "resolved": "https://registry.npmjs.org/@napi-rs/canvas-linux-arm64-musl/-/canvas-linux-arm64-musl-0.1.94.tgz",
   "integrity": "sha512-9YleDDauDEZNsFnfz3HyZvp1LK1ECu8N2gDUg1wtL7uWLQv8dUbfVeFtp5HOdxht1o7LsWRmQeqeIbnD4EqE2A==",
   "cpu": [
    "arm64"
   ],
   "dev": true,
   "license": "MIT",
   "optional": true,
   "os": [
    "linux"
   ],
   "engines": {
    "node": ">= 10"
   },
   "funding": {
    "type": "github",
    "url": "https://github.com/sponsors/Brooooooklyn"
   }
  },
  "node_modules/@napi-rs/canvas-linux-riscv64-gnu": {
   "version": "0.1.94",
   "resolved": "https://registry.npmjs.org/@napi-rs/canvas-linux-riscv64-gnu/-/canvas-linux-riscv64-gnu-0.1.94.tgz",
   "integrity": "sha512-lQUy9Xvz7ch8+0AXq8RkioLD41iQ6EqdKFu5uV40BxkBDijB2SCm1jna/BRhqitQRSjwAk2KlLUxTjHChyfNGg==",
   "cpu": [
    "riscv64"
   ],
   "dev": true,
   "license": "MIT",
   "optional": true,
   "os": [
    "linux"
   ],
   "engines": {
    "node": ">= 10"
   },
   "funding": {
    "type": "github",
    "url": "https://github.com/sponsors/Brooooooklyn"
   }
  },
  "node_modules/@napi-rs/canvas-linux-x64-gnu": {
   "version": "0.1.94",
   "resolved": "https://registry.npmjs.org/@napi-rs/canvas-linux-x64-gnu/-/canvas-linux-x64-gnu-0.1.94.tgz",
   "integrity": "sha512-0IYgyuUaugHdWxXRhDQUCMxTou8kAHHmpIBFtbmdRlciPlfK7AYQW5agvUU1PghPc5Ja3Zzp5qZfiiLu36vIWQ==",
   "cpu": [
    "x64"
   ],
   "dev": true,
   "license": "MIT",
   "optional": true,
   "os": [
    "linux"
   ],
   "engines": {
    "node": ">= 10"
   },
   "funding": {
    "type": "github",
    "url": "https://github.com/sponsors/Brooooooklyn"
   }
  },
  "node_modules/@napi-rs/canvas-linux-x64-musl": {
   "version": "0.1.94",
   "resolved": "https://registry.npmjs.org/@napi-rs/canvas-linux-x64-musl/-/canvas-linux-x64-musl-0.1.94.tgz",
   "integrity": "sha512-xuetfzzcflCIiBw2HJlOU4/+zTqhdxoe1BEcwdBsHAd/5wAQ4Pp+FGPi5g74gDvtcXQmTdEU3fLQvHc/j3wbxQ==",
   "cpu": [
    "x64"
   ],
   "dev": true,
   "license": "MIT",
   "optional": true,
   "os": [
    "linux"
   ],
   "engines": {
    "node": ">= 10"
   },
   "funding": {
    "type": "github",
    "url": "https://github.com/sponsors/Brooooooklyn"
   }
  },
  "node_modules/@napi-rs/canvas-win32-arm64-msvc": {
   "version": "0.1.94",
   "resolved": "https://registry.npmjs.org/@napi-rs/canvas-win32-arm64-msvc/-/canvas-win32-arm64-msvc-0.1.94.tgz",
   "integrity": "sha512-2F3p8wci4Q4vjbENlQtSibqFWxBdpzYk1c8Jh1mqqLE92rBKElG018dBJ6C8Dp49vE350Hmy5LrfdLgFKMG8sg==",
   "cpu": [
    "arm64"
   ],
   "dev": true,
   "license": "MIT",
   "optional": true,
   "os": [
    "win32"
   ],
   "engines": {
    "node": ">= 10"
   },
   "funding": {
    "type": "github",
    "url": "https://github.com/sponsors/Brooooooklyn"
   }
  },
  "node_modules/@napi-rs/canvas-win32-x64-msvc": {
   "version": "0.1.94",
   "resolved": "https://registry.npmjs.org/@napi-rs/canvas-win32-x64-msvc/-/canvas-win32-x64-msvc-0.1.94.tgz",
   "integrity": "sha512-hjwaIKMrQLoNiu3724octSGhDVKkBwJtMeQ3qUXOi+y60h2q6Sxq3+MM2za3V88+XQzzwn0DgG0Xo6v6gzV8kQ==",
   "cpu": [
    "x64"
   ],
   "dev": true,
   "license": "MIT",
   "optional": true,
   "os": [
    "win32"
   ],
   "engines": {
    "node": ">= 10"
   },
   "funding": {
    "type": "github",
    "url": "https://github.com/sponsors/Brooooooklyn"
   }
  },
  "node_modules/@tailwindcss/typography": {
   "version": "0.5.19",
   "resolved": "https://registry.npmjs.org/@tailwindcss/typography/-/typography-0.5.19.tgz",
   "integrity": "sha512-w31dd8HOx3k9vPtcQh5QHP9GwKcgbMp87j58qi6xgiBnFFtKEAgCWnDw4qUT8aHwkCp8bKvb/KGKWWHedP0AAg==",
   "dev": true,
   "license": "MIT",
   "dependencies": {
    "postcss-selector-parser": "6.0.10"
   },
   "peerDependencies": {
    "tailwindcss": ">=3.0.0 || insiders || >=4.0.0-alpha.20 || >=4.0.0-beta.1"
   }
  },
  "node_modules/cssesc": {
   "version": "3.0.0",
   "resolved": "https://registry.npmjs.org/cssesc/-/cssesc-3.0.0.tgz",
   "integrity": "sha512-/Tb/JcjK111nNScGob5MNtsntNM1aCNUDipB/TkwZFhyDrrE47SOx/18wF2bbjgc3ZzCSKW1T5nt5EbFoAz/Vg==",
   "dev": true,
   "license": "MIT",
   "bin": {
    "cssesc": "bin/cssesc"
   },
   "engines": {
    "node": ">=4"
   }
  },
  "node_modules/daisyui": {
   "version": "5.5.19",
   "resolved": "https://registry.npmjs.org/daisyui/-/daisyui-5.5.19.tgz",
   "integrity": "sha512-pbFAkl1VCEh/MPCeclKL61I/MqRIFFhNU7yiXoDDRapXN4/qNCoMxeCCswyxEEhqL5eiTTfwHvucFtOE71C9sA==",
   "dev": true,
   "license": "MIT",
   "funding": {
    "url": "https://github.com/saadeghi/daisyui?sponsor=1"
   }
  },
  "node_modules/node-readable-to-web-readable-stream": {
   "version": "0.4.2",
   "resolved": "https://registry.npmjs.org/node-readable-to-web-readable-stream/-/node-readable-to-web-readable-stream-0.4.2.tgz",
   "integrity": "sha512-/cMZNI34v//jUTrI+UIo4ieHAB5EZRY/+7OmXZgBxaWBMcW2tGdceIw06RFxWxrKZ5Jp3sI2i5TsRo+CBhtVLQ==",
   "dev": true,
   "license": "MIT",
   "optional": true
  },
  "node_modules/pdfjs-dist": {
   "version": "5.4.624",
   "resolved": "https://registry.npmjs.org/pdfjs-dist/-/pdfjs-dist-5.4.624.tgz",
   "integrity": "sha512-sm6TxKTtWv1Oh6n3C6J6a8odejb5uO4A4zo/2dgkHuC0iu8ZMAXOezEODkVaoVp8nX1Xzr+0WxFJJmUr45hQzg==",
   "dev": true,
   "license": "Apache-2.0",
   "engines": {
    "node": ">=20.16.0 || >=22.3.0"
   },
   "optionalDependencies": {
    "@napi-rs/canvas": "^0.1.88",
    "node-readable-to-web-readable-stream": "^0.4.2"
   }
  },
  "node_modules/postcss-selector-parser": {
   "version": "6.0.10",
   "resolved": "https://registry.npmjs.org/postcss-selector-parser/-/postcss-selector-parser-6.0.10.tgz",
   "integrity": "sha512-IQ7TZdoaqbT+LCpShg46jnZVlhWD2w6iQYAcYXfHARZ7X1t/UGhhceQDs5X0cGqKvYlHNOuv7Oa1xmb0oQuA3w==",
   "dev": true,
   "license": "MIT",
   "dependencies": {
    "cssesc": "^3.0.0",
    "util-deprecate": "^1.0.2"
   },
   "engines": {
    "node": ">=4"
   }
  },
  "node_modules/prismjs": {
   "version": "1.30.0",
   "resolved": "https://registry.npmjs.org/prismjs/-/prismjs-1.30.0.tgz",
   "integrity": "sha512-DEvV2ZF2r2/63V+tK8hQvrR2ZGn10srHbXviTlcv7Kpzw8jWiNTqbVgjO3IY8RxrrOUF8VPMQQFysYYYv0YZxw==",
   "license": "MIT",
   "engines": {
    "node": ">=6"
   }
  },
  "node_modules/tailwindcss": {
   "version": "4.0.15",
   "resolved": "https://registry.npmjs.org/tailwindcss/-/tailwindcss-4.0.15.tgz",
   "integrity": "sha512-6ZMg+hHdMJpjpeCCFasX7K+U615U9D+7k5/cDK/iRwl6GptF24+I/AbKgOnXhVKePzrEyIXutLv36n4cRsq3Sg==",
   "dev": true,
   "license": "MIT",
   "peer": true
  },
  "node_modules/util-deprecate": {
   "version": "1.0.2",
   "resolved": "https://registry.npmjs.org/util-deprecate/-/util-deprecate-1.0.2.tgz",
   "integrity": "sha512-EPD5q1uXyFxJpCrLnCc1nHnq3gOa6DZBocAIiI2TaSCA7VCJ1UJDMagCzIkXNsUYfD1daK//LTEQ8xiIbrHtcw==",
   "dev": true,
   "license": "MIT"
  }
 }
}
